
Microsoft Visual Studio Solution File, Format Version 12.00
# Visual Studio Version 16
VisualStudioVersion = 16.0.30503.244
MinimumVisualStudioVersion = 10.0.40219.1
Project("{8BC9CEB8-8B4A-11D0-8D11-00A0C91BC942}") = "6.5.1", "6.5.1\6.5.1.vcxproj", "{FB37CA37-B39B-4D44-9C22-DB6CBBB91621}"
EndProject
Global
	GlobalSection(SolutionConfigurationPlatforms) = preSolution
		Debug|x64 = Debug|x64
		Debug|x86 = Debug|x86
		Release|x64 = Release|x64
		Release|x86 = Release|x86
	EndGlobalSection
	GlobalSection(ProjectConfigurationPlatforms) = postSolution
		{FB37CA37-B39B-4D44-9C22-DB6CBBB91621}.Debug|x64.ActiveCfg = Debug|x64
		{FB37CA37-B39B-4D44-9C22-DB6CBBB91621}.Debug|x64.Build.0 = Debug|x64
		{FB37CA37-B39B-4D44-9C22-DB6CBBB91621}.Debug|x86.ActiveCfg = Debug|Win32
		{FB37CA37-B39B-4D44-9C22-DB6CBBB91621}.Debug|x86.Build.0 = Debug|Win32
		{FB37CA37-B39B-4D44-9C22-DB6CBBB91621}.Release|x64.ActiveCfg = Release|x64
		{FB37CA37-B39B-4D44-9C22-DB6CBBB91621}.Release|x64.Build.0 = Release|x64
		{FB37CA37-B39B-4D44-9C22-DB6CBBB91621}.Release|x86.ActiveCfg = Release|Win32
		{FB37CA37-B39B-4D44-9C22-DB6CBBB91621}.Release|x86.Build.0 = Release|Win32
	EndGlobalSection
	GlobalSection(SolutionProperties) = preSolution
		HideSolutionNode = FALSE
	EndGlobalSection
	GlobalSection(ExtensibilityGlobals) = postSolution
		SolutionGuid = {076FE294-57B4-458F-B9FF-8D298B5585C8}
	EndGlobalSection
EndGlobal
